// !$*UTF8*$!
{
	archiveVersion = 1;
	classes = {
	};
	objectVersion = 56;
	objects = {

/* Begin PBXBuildFile section */
		7F14C0EA2A7B9C9700370671 /* TeamMemberSummaryCell.swift in Sources */ = {isa = PBXBuildFile; fileRef = 7F14C0E82A7B9C9700370671 /* TeamMemberSummaryCell.swift */; };
		7F14C0EB2A7B9C9700370671 /* TeamMemberSummaryCell.xib in Resources */ = {isa = PBXBuildFile; fileRef = 7F14C0E92A7B9C9700370671 /* TeamMemberSummaryCell.xib */; };
		7F1C986A2A61145200E00A08 /* String.swift in Sources */ = {isa = PBXBuildFile; fileRef = 7F1C98692A61145200E00A08 /* String.swift */; };
		7F1C986C2A61217100E00A08 /* Int.swift in Sources */ = {isa = PBXBuildFile; fileRef = 7F1C986B2A61217100E00A08 /* Int.swift */; };
		7F5776EE2A82901400150A8D /* SummonerModel.swift in Sources */ = {isa = PBXBuildFile; fileRef = 7F5776ED2A82901400150A8D /* SummonerModel.swift */; };
		7F622BF82A69F6C300B2CBDA /* summoner.json in Resources */ = {isa = PBXBuildFile; fileRef = 7F622BF72A69F6C300B2CBDA /* summoner.json */; };
		7F622BFA2A69F72200B2CBDA /* DictionaryStore.swift in Sources */ = {isa = PBXBuildFile; fileRef = 7F622BF92A69F72200B2CBDA /* DictionaryStore.swift */; };
		7F622BFC2A69F7F200B2CBDA /* SummonerSpells.swift in Sources */ = {isa = PBXBuildFile; fileRef = 7F622BFB2A69F7F200B2CBDA /* SummonerSpells.swift */; };
		7F65553C2A45A5B10028AE52 /* AppDelegate.swift in Sources */ = {isa = PBXBuildFile; fileRef = 7F65553B2A45A5B10028AE52 /* AppDelegate.swift */; };
		7F65553E2A45A5B10028AE52 /* SceneDelegate.swift in Sources */ = {isa = PBXBuildFile; fileRef = 7F65553D2A45A5B10028AE52 /* SceneDelegate.swift */; };
		7F6555402A45A5B10028AE52 /* MainVC.swift in Sources */ = {isa = PBXBuildFile; fileRef = 7F65553F2A45A5B10028AE52 /* MainVC.swift */; };
		7F6555432A45A5B10028AE52 /* Main.storyboard in Resources */ = {isa = PBXBuildFile; fileRef = 7F6555412A45A5B10028AE52 /* Main.storyboard */; };
		7F6555452A45A5B20028AE52 /* Assets.xcassets in Resources */ = {isa = PBXBuildFile; fileRef = 7F6555442A45A5B20028AE52 /* Assets.xcassets */; };
		7F6555482A45A5B20028AE52 /* LaunchScreen.storyboard in Resources */ = {isa = PBXBuildFile; fileRef = 7F6555462A45A5B20028AE52 /* LaunchScreen.storyboard */; };
		7F743DF12A8230E000A7A625 /* SummonerContainer.xcdatamodeld in Sources */ = {isa = PBXBuildFile; fileRef = 7F743DEF2A8230E000A7A625 /* SummonerContainer.xcdatamodeld */; };
		7F743DF32A82766100A7A625 /* GangwonEduPowerExtraBold.otf in Resources */ = {isa = PBXBuildFile; fileRef = 7F743DF22A82766100A7A625 /* GangwonEduPowerExtraBold.otf */; };
		7F743DF52A8276B400A7A625 /* NotoSansKR-Bold.otf in Resources */ = {isa = PBXBuildFile; fileRef = 7F743DF42A8276B400A7A625 /* NotoSansKR-Bold.otf */; };
		7F743DF72A82774F00A7A625 /* NotoSansKR-Regular.otf in Resources */ = {isa = PBXBuildFile; fileRef = 7F743DF62A82774F00A7A625 /* NotoSansKR-Regular.otf */; };
		7F8510522A6FD8BE001B39C6 /* Double.swift in Sources */ = {isa = PBXBuildFile; fileRef = 7F8510512A6FD8BE001B39C6 /* Double.swift */; };
		7F8510542A6FE0A5001B39C6 /* JsonManager.swift in Sources */ = {isa = PBXBuildFile; fileRef = 7F8510532A6FE0A5001B39C6 /* JsonManager.swift */; };
		7F8510562A707C5B001B39C6 /* queueId.json in Resources */ = {isa = PBXBuildFile; fileRef = 7F8510552A707C5B001B39C6 /* queueId.json */; };
		7F8510582A707E8A001B39C6 /* QueueIdInfo.swift in Sources */ = {isa = PBXBuildFile; fileRef = 7F8510572A707E8A001B39C6 /* QueueIdInfo.swift */; };
		7F870EBC2A5EA38000E0AE94 /* SummonerVC.swift in Sources */ = {isa = PBXBuildFile; fileRef = 7F870EBB2A5EA38000E0AE94 /* SummonerVC.swift */; };
		7F9433F82A5B9C04007F8E7D /* NetworkManager.swift in Sources */ = {isa = PBXBuildFile; fileRef = 7F9433F72A5B9C04007F8E7D /* NetworkManager.swift */; };
		7F9433FA2A5B9CC8007F8E7D /* Router.swift in Sources */ = {isa = PBXBuildFile; fileRef = 7F9433F92A5B9CC8007F8E7D /* Router.swift */; };
		7F9433FC2A5BD5AF007F8E7D /* LocalFileManager.swift in Sources */ = {isa = PBXBuildFile; fileRef = 7F9433FB2A5BD5AF007F8E7D /* LocalFileManager.swift */; };
		7F9433FE2A5BD9A5007F8E7D /* NetworkImgService.swift in Sources */ = {isa = PBXBuildFile; fileRef = 7F9433FD2A5BD9A5007F8E7D /* NetworkImgService.swift */; };
		7F9434062A5BE3E7007F8E7D /* UIImageView.swift in Sources */ = {isa = PBXBuildFile; fileRef = 7F9434052A5BE3E7007F8E7D /* UIImageView.swift */; };
		7FA94E112A6E8D5600491FB7 /* SearchedSummonerCell.swift in Sources */ = {isa = PBXBuildFile; fileRef = 7FA94E0F2A6E8D5600491FB7 /* SearchedSummonerCell.swift */; };
		7FA94E122A6E8D5600491FB7 /* SearchedSummonerCell.xib in Resources */ = {isa = PBXBuildFile; fileRef = 7FA94E102A6E8D5600491FB7 /* SearchedSummonerCell.xib */; };
		7FAD0CC82A67AC7C00A1A0C1 /* SelectLocationVC.swift in Sources */ = {isa = PBXBuildFile; fileRef = 7FAD0CC72A67AC7C00A1A0C1 /* SelectLocationVC.swift */; };
		7FC372402A56BD1A0045ED4D /* MatchSummaryCell.swift in Sources */ = {isa = PBXBuildFile; fileRef = 7FC3723E2A56BD1A0045ED4D /* MatchSummaryCell.swift */; };
		7FC372412A56BD1A0045ED4D /* MatchSummaryCell.xib in Resources */ = {isa = PBXBuildFile; fileRef = 7FC3723F2A56BD1A0045ED4D /* MatchSummaryCell.xib */; };
		7FC8AEB02A710B2B00DD8820 /* CoreDataService.swift in Sources */ = {isa = PBXBuildFile; fileRef = 7FC8AEAF2A710B2B00DD8820 /* CoreDataService.swift */; };
		7FC8AEB62A712C9E00DD8820 /* MatchDetailVC.swift in Sources */ = {isa = PBXBuildFile; fileRef = 7FC8AEB52A712C9E00DD8820 /* MatchDetailVC.swift */; };
		7FC986C72A52CBD400F8F3C7 /* SummonerInfo.swift in Sources */ = {isa = PBXBuildFile; fileRef = 7FC986C62A52CBD400F8F3C7 /* SummonerInfo.swift */; };
		7FC986C92A52CC3800F8F3C7 /* League.swift in Sources */ = {isa = PBXBuildFile; fileRef = 7FC986C82A52CC3800F8F3C7 /* League.swift */; };
		7FC986CD2A52CCF200F8F3C7 /* MatchInfo.swift in Sources */ = {isa = PBXBuildFile; fileRef = 7FC986CC2A52CCF200F8F3C7 /* MatchInfo.swift */; };
		7FC986D02A52CD4E00F8F3C7 /* Constants.swift in Sources */ = {isa = PBXBuildFile; fileRef = 7FC986CF2A52CD4E00F8F3C7 /* Constants.swift */; };
		7FC986D22A52CE1600F8F3C7 /* DetailSummonerInfo.swift in Sources */ = {isa = PBXBuildFile; fileRef = 7FC986D12A52CE1600F8F3C7 /* DetailSummonerInfo.swift */; };
		7FC986D52A52D28200F8F3C7 /* Service.swift in Sources */ = {isa = PBXBuildFile; fileRef = 7FC986D42A52D28200F8F3C7 /* Service.swift */; };
		7FC986D92A52D32300F8F3C7 /* Alamofire in Frameworks */ = {isa = PBXBuildFile; productRef = 7FC986D82A52D32300F8F3C7 /* Alamofire */; };
		7FC986DB2A52D34F00F8F3C7 /* ApiClient.swift in Sources */ = {isa = PBXBuildFile; fileRef = 7FC986DA2A52D34F00F8F3C7 /* ApiClient.swift */; };
		7FC986DD2A52D37400F8F3C7 /* ApiLogger.swift in Sources */ = {isa = PBXBuildFile; fileRef = 7FC986DC2A52D37400F8F3C7 /* ApiLogger.swift */; };
		7FC986DF2A52D3A100F8F3C7 /* BaseInterceptor.swift in Sources */ = {isa = PBXBuildFile; fileRef = 7FC986DE2A52D3A100F8F3C7 /* BaseInterceptor.swift */; };
		7FC986E12A52D44B00F8F3C7 /* UrlHeadPoint.swift in Sources */ = {isa = PBXBuildFile; fileRef = 7FC986E02A52D44B00F8F3C7 /* UrlHeadPoint.swift */; };
		7FEC5C022A68E794000186A7 /* MostChamp.swift in Sources */ = {isa = PBXBuildFile; fileRef = 7FEC5C012A68E794000186A7 /* MostChamp.swift */; };
		7FEC5C042A694FC2000186A7 /* ImageUrlRouter.swift in Sources */ = {isa = PBXBuildFile; fileRef = 7FEC5C032A694FC2000186A7 /* ImageUrlRouter.swift */; };
		7FF36F262A7E54EC00898036 /* UIColor.swift in Sources */ = {isa = PBXBuildFile; fileRef = 7FF36F252A7E54EC00898036 /* UIColor.swift */; };
		7FF36F282A7E945100898036 /* ResultTableHeaderView.swift in Sources */ = {isa = PBXBuildFile; fileRef = 7FF36F272A7E945100898036 /* ResultTableHeaderView.swift */; };
		7FF36F2C2A7E94C000898036 /* ResultTableHeaderView.xib in Resources */ = {isa = PBXBuildFile; fileRef = 7FF36F2B2A7E94C000898036 /* ResultTableHeaderView.xib */; };
		7FFC6E8D2A498FE000565579 /* Caprasimo-Regular.ttf in Resources */ = {isa = PBXBuildFile; fileRef = 7FFC6E8C2A498FE000565579 /* Caprasimo-Regular.ttf */; };
/* End PBXBuildFile section */

/* Begin PBXFileReference section */
		7F14C0E82A7B9C9700370671 /* TeamMemberSummaryCell.swift */ = {isa = PBXFileReference; lastKnownFileType = sourcecode.swift; path = TeamMemberSummaryCell.swift; sourceTree = "<group>"; };
		7F14C0E92A7B9C9700370671 /* TeamMemberSummaryCell.xib */ = {isa = PBXFileReference; lastKnownFileType = file.xib; path = TeamMemberSummaryCell.xib; sourceTree = "<group>"; };
		7F1C98692A61145200E00A08 /* String.swift */ = {isa = PBXFileReference; lastKnownFileType = sourcecode.swift; path = String.swift; sourceTree = "<group>"; };
		7F1C986B2A61217100E00A08 /* Int.swift */ = {isa = PBXFileReference; lastKnownFileType = sourcecode.swift; path = Int.swift; sourceTree = "<group>"; };
		7F5776ED2A82901400150A8D /* SummonerModel.swift */ = {isa = PBXFileReference; lastKnownFileType = sourcecode.swift; path = SummonerModel.swift; sourceTree = "<group>"; };
		7F622BF72A69F6C300B2CBDA /* summoner.json */ = {isa = PBXFileReference; fileEncoding = 4; lastKnownFileType = text.json; path = summoner.json; sourceTree = "<group>"; };
		7F622BF92A69F72200B2CBDA /* DictionaryStore.swift */ = {isa = PBXFileReference; lastKnownFileType = sourcecode.swift; path = DictionaryStore.swift; sourceTree = "<group>"; };
		7F622BFB2A69F7F200B2CBDA /* SummonerSpells.swift */ = {isa = PBXFileReference; lastKnownFileType = sourcecode.swift; path = SummonerSpells.swift; sourceTree = "<group>"; };
		7F6555382A45A5B10028AE52 /* LOL_Search_Record.app */ = {isa = PBXFileReference; explicitFileType = wrapper.application; includeInIndex = 0; path = LOL_Search_Record.app; sourceTree = BUILT_PRODUCTS_DIR; };
		7F65553B2A45A5B10028AE52 /* AppDelegate.swift */ = {isa = PBXFileReference; lastKnownFileType = sourcecode.swift; path = AppDelegate.swift; sourceTree = "<group>"; };
		7F65553D2A45A5B10028AE52 /* SceneDelegate.swift */ = {isa = PBXFileReference; lastKnownFileType = sourcecode.swift; path = SceneDelegate.swift; sourceTree = "<group>"; };
		7F65553F2A45A5B10028AE52 /* MainVC.swift */ = {isa = PBXFileReference; lastKnownFileType = sourcecode.swift; path = MainVC.swift; sourceTree = "<group>"; };
		7F6555422A45A5B10028AE52 /* Base */ = {isa = PBXFileReference; lastKnownFileType = file.storyboard; name = Base; path = Base.lproj/Main.storyboard; sourceTree = "<group>"; };
		7F6555442A45A5B20028AE52 /* Assets.xcassets */ = {isa = PBXFileReference; lastKnownFileType = folder.assetcatalog; path = Assets.xcassets; sourceTree = "<group>"; };
		7F6555472A45A5B20028AE52 /* Base */ = {isa = PBXFileReference; lastKnownFileType = file.storyboard; name = Base; path = Base.lproj/LaunchScreen.storyboard; sourceTree = "<group>"; };
		7F6555492A45A5B20028AE52 /* Info.plist */ = {isa = PBXFileReference; lastKnownFileType = text.plist.xml; path = Info.plist; sourceTree = "<group>"; };
		7F743DF02A8230E000A7A625 /* SummonerContainer.xcdatamodel */ = {isa = PBXFileReference; lastKnownFileType = wrapper.xcdatamodel; path = SummonerContainer.xcdatamodel; sourceTree = "<group>"; };
		7F743DF22A82766100A7A625 /* GangwonEduPowerExtraBold.otf */ = {isa = PBXFileReference; lastKnownFileType = file; path = GangwonEduPowerExtraBold.otf; sourceTree = "<group>"; };
		7F743DF42A8276B400A7A625 /* NotoSansKR-Bold.otf */ = {isa = PBXFileReference; lastKnownFileType = file; path = "NotoSansKR-Bold.otf"; sourceTree = "<group>"; };
		7F743DF62A82774F00A7A625 /* NotoSansKR-Regular.otf */ = {isa = PBXFileReference; lastKnownFileType = file; path = "NotoSansKR-Regular.otf"; sourceTree = "<group>"; };
		7F8510512A6FD8BE001B39C6 /* Double.swift */ = {isa = PBXFileReference; lastKnownFileType = sourcecode.swift; path = Double.swift; sourceTree = "<group>"; };
		7F8510532A6FE0A5001B39C6 /* JsonManager.swift */ = {isa = PBXFileReference; lastKnownFileType = sourcecode.swift; path = JsonManager.swift; sourceTree = "<group>"; };
		7F8510552A707C5B001B39C6 /* queueId.json */ = {isa = PBXFileReference; fileEncoding = 4; lastKnownFileType = text.json; path = queueId.json; sourceTree = "<group>"; };
		7F8510572A707E8A001B39C6 /* QueueIdInfo.swift */ = {isa = PBXFileReference; lastKnownFileType = sourcecode.swift; path = QueueIdInfo.swift; sourceTree = "<group>"; };
		7F870EBB2A5EA38000E0AE94 /* SummonerVC.swift */ = {isa = PBXFileReference; lastKnownFileType = sourcecode.swift; path = SummonerVC.swift; sourceTree = "<group>"; };
		7F9433F72A5B9C04007F8E7D /* NetworkManager.swift */ = {isa = PBXFileReference; lastKnownFileType = sourcecode.swift; path = NetworkManager.swift; sourceTree = "<group>"; };
		7F9433F92A5B9CC8007F8E7D /* Router.swift */ = {isa = PBXFileReference; lastKnownFileType = sourcecode.swift; path = Router.swift; sourceTree = "<group>"; };
		7F9433FB2A5BD5AF007F8E7D /* LocalFileManager.swift */ = {isa = PBXFileReference; lastKnownFileType = sourcecode.swift; path = LocalFileManager.swift; sourceTree = "<group>"; };
		7F9433FD2A5BD9A5007F8E7D /* NetworkImgService.swift */ = {isa = PBXFileReference; lastKnownFileType = sourcecode.swift; path = NetworkImgService.swift; sourceTree = "<group>"; };
		7F9434052A5BE3E7007F8E7D /* UIImageView.swift */ = {isa = PBXFileReference; lastKnownFileType = sourcecode.swift; path = UIImageView.swift; sourceTree = "<group>"; };
		7FA94E0F2A6E8D5600491FB7 /* SearchedSummonerCell.swift */ = {isa = PBXFileReference; lastKnownFileType = sourcecode.swift; path = SearchedSummonerCell.swift; sourceTree = "<group>"; };
		7FA94E102A6E8D5600491FB7 /* SearchedSummonerCell.xib */ = {isa = PBXFileReference; lastKnownFileType = file.xib; path = SearchedSummonerCell.xib; sourceTree = "<group>"; };
		7FAD0CC72A67AC7C00A1A0C1 /* SelectLocationVC.swift */ = {isa = PBXFileReference; lastKnownFileType = sourcecode.swift; path = SelectLocationVC.swift; sourceTree = "<group>"; };
		7FC3723E2A56BD1A0045ED4D /* MatchSummaryCell.swift */ = {isa = PBXFileReference; lastKnownFileType = sourcecode.swift; path = MatchSummaryCell.swift; sourceTree = "<group>"; };
		7FC3723F2A56BD1A0045ED4D /* MatchSummaryCell.xib */ = {isa = PBXFileReference; lastKnownFileType = file.xib; path = MatchSummaryCell.xib; sourceTree = "<group>"; };
		7FC8AEAF2A710B2B00DD8820 /* CoreDataService.swift */ = {isa = PBXFileReference; lastKnownFileType = sourcecode.swift; path = CoreDataService.swift; sourceTree = "<group>"; };
		7FC8AEB52A712C9E00DD8820 /* MatchDetailVC.swift */ = {isa = PBXFileReference; lastKnownFileType = sourcecode.swift; path = MatchDetailVC.swift; sourceTree = "<group>"; };
		7FC986C62A52CBD400F8F3C7 /* SummonerInfo.swift */ = {isa = PBXFileReference; lastKnownFileType = sourcecode.swift; path = SummonerInfo.swift; sourceTree = "<group>"; };
		7FC986C82A52CC3800F8F3C7 /* League.swift */ = {isa = PBXFileReference; lastKnownFileType = sourcecode.swift; path = League.swift; sourceTree = "<group>"; };
		7FC986CC2A52CCF200F8F3C7 /* MatchInfo.swift */ = {isa = PBXFileReference; lastKnownFileType = sourcecode.swift; path = MatchInfo.swift; sourceTree = "<group>"; };
		7FC986CF2A52CD4E00F8F3C7 /* Constants.swift */ = {isa = PBXFileReference; lastKnownFileType = sourcecode.swift; path = Constants.swift; sourceTree = "<group>"; };
		7FC986D12A52CE1600F8F3C7 /* DetailSummonerInfo.swift */ = {isa = PBXFileReference; lastKnownFileType = sourcecode.swift; path = DetailSummonerInfo.swift; sourceTree = "<group>"; };
		7FC986D42A52D28200F8F3C7 /* Service.swift */ = {isa = PBXFileReference; lastKnownFileType = sourcecode.swift; path = Service.swift; sourceTree = "<group>"; };
		7FC986DA2A52D34F00F8F3C7 /* ApiClient.swift */ = {isa = PBXFileReference; lastKnownFileType = sourcecode.swift; path = ApiClient.swift; sourceTree = "<group>"; };
		7FC986DC2A52D37400F8F3C7 /* ApiLogger.swift */ = {isa = PBXFileReference; lastKnownFileType = sourcecode.swift; path = ApiLogger.swift; sourceTree = "<group>"; };
		7FC986DE2A52D3A100F8F3C7 /* BaseInterceptor.swift */ = {isa = PBXFileReference; lastKnownFileType = sourcecode.swift; path = BaseInterceptor.swift; sourceTree = "<group>"; };
		7FC986E02A52D44B00F8F3C7 /* UrlHeadPoint.swift */ = {isa = PBXFileReference; lastKnownFileType = sourcecode.swift; path = UrlHeadPoint.swift; sourceTree = "<group>"; };
		7FEC5C012A68E794000186A7 /* MostChamp.swift */ = {isa = PBXFileReference; lastKnownFileType = sourcecode.swift; path = MostChamp.swift; sourceTree = "<group>"; };
		7FEC5C032A694FC2000186A7 /* ImageUrlRouter.swift */ = {isa = PBXFileReference; lastKnownFileType = sourcecode.swift; path = ImageUrlRouter.swift; sourceTree = "<group>"; };
		7FF36F252A7E54EC00898036 /* UIColor.swift */ = {isa = PBXFileReference; lastKnownFileType = sourcecode.swift; path = UIColor.swift; sourceTree = "<group>"; };
		7FF36F272A7E945100898036 /* ResultTableHeaderView.swift */ = {isa = PBXFileReference; lastKnownFileType = sourcecode.swift; path = ResultTableHeaderView.swift; sourceTree = "<group>"; };
		7FF36F2B2A7E94C000898036 /* ResultTableHeaderView.xib */ = {isa = PBXFileReference; lastKnownFileType = file.xib; path = ResultTableHeaderView.xib; sourceTree = "<group>"; };
		7FFC6E8C2A498FE000565579 /* Caprasimo-Regular.ttf */ = {isa = PBXFileReference; lastKnownFileType = file; path = "Caprasimo-Regular.ttf"; sourceTree = "<group>"; };
/* End PBXFileReference section */

/* Begin PBXFrameworksBuildPhase section */
		7F6555352A45A5B10028AE52 /* Frameworks */ = {
			isa = PBXFrameworksBuildPhase;
			buildActionMask = 2147483647;
			files = (
				7FC986D92A52D32300F8F3C7 /* Alamofire in Frameworks */,
			);
			runOnlyForDeploymentPostprocessing = 0;
		};
/* End PBXFrameworksBuildPhase section */

/* Begin PBXGroup section */
		7F1C98682A61144300E00A08 /* Extensions */ = {
			isa = PBXGroup;
			children = (
				7F9434052A5BE3E7007F8E7D /* UIImageView.swift */,
				7F1C98692A61145200E00A08 /* String.swift */,
				7F1C986B2A61217100E00A08 /* Int.swift */,
				7F8510512A6FD8BE001B39C6 /* Double.swift */,
				7FF36F252A7E54EC00898036 /* UIColor.swift */,
			);
			path = Extensions;
			sourceTree = "<group>";
		};
		7F589B322A4D6E4100E972BF /* View */ = {
			isa = PBXGroup;
			children = (
				7F6555412A45A5B10028AE52 /* Main.storyboard */,
				7F65553F2A45A5B10028AE52 /* MainVC.swift */,
				7FA94E0F2A6E8D5600491FB7 /* SearchedSummonerCell.swift */,
				7FA94E102A6E8D5600491FB7 /* SearchedSummonerCell.xib */,
				7FC3723D2A56BCD20045ED4D /* SummonerVC_Components */,
				7FAD0CC72A67AC7C00A1A0C1 /* SelectLocationVC.swift */,
				7FC8AEB42A712C3800DD8820 /* MatchDetailVC_Components */,
			);
			path = View;
			sourceTree = "<group>";
		};
		7F622BF62A69F6A800B2CBDA /* JSON */ = {
			isa = PBXGroup;
			children = (
				7F8510532A6FE0A5001B39C6 /* JsonManager.swift */,
				7F8510552A707C5B001B39C6 /* queueId.json */,
				7F622BF72A69F6C300B2CBDA /* summoner.json */,
			);
			path = JSON;
			sourceTree = "<group>";
		};
		7F65552F2A45A5B10028AE52 = {
			isa = PBXGroup;
			children = (
				7F65553A2A45A5B10028AE52 /* LOL_Search_Record */,
				7F6555392A45A5B10028AE52 /* Products */,
			);
			sourceTree = "<group>";
		};
		7F6555392A45A5B10028AE52 /* Products */ = {
			isa = PBXGroup;
			children = (
				7F6555382A45A5B10028AE52 /* LOL_Search_Record.app */,
			);
			name = Products;
			sourceTree = "<group>";
		};
		7F65553A2A45A5B10028AE52 /* LOL_Search_Record */ = {
			isa = PBXGroup;
			children = (
				7F65553B2A45A5B10028AE52 /* AppDelegate.swift */,
				7F65553D2A45A5B10028AE52 /* SceneDelegate.swift */,
				7FC986CF2A52CD4E00F8F3C7 /* Constants.swift */,
				7F622BF92A69F72200B2CBDA /* DictionaryStore.swift */,
				7FC8AEAE2A71092800DD8820 /* CoreData */,
				7F622BF62A69F6A800B2CBDA /* JSON */,
				7FC986D32A52D25300F8F3C7 /* Service */,
				7FC986C52A52CB8A00F8F3C7 /* Model */,
				7FC986C22A52C8DD00F8F3C7 /* ViewModel */,
				7F589B322A4D6E4100E972BF /* View */,
				7F1C98682A61144300E00A08 /* Extensions */,
				7F6555462A45A5B20028AE52 /* LaunchScreen.storyboard */,
				7FFC6E8B2A498FD100565579 /* Font */,
				7F6555492A45A5B20028AE52 /* Info.plist */,
				7F6555442A45A5B20028AE52 /* Assets.xcassets */,
			);
			path = LOL_Search_Record;
			sourceTree = "<group>";
		};
		7FC3723D2A56BCD20045ED4D /* SummonerVC_Components */ = {
			isa = PBXGroup;
			children = (
				7F870EBB2A5EA38000E0AE94 /* SummonerVC.swift */,
				7FC3723E2A56BD1A0045ED4D /* MatchSummaryCell.swift */,
				7FC3723F2A56BD1A0045ED4D /* MatchSummaryCell.xib */,
			);
			path = SummonerVC_Components;
			sourceTree = "<group>";
		};
		7FC8AEAE2A71092800DD8820 /* CoreData */ = {
			isa = PBXGroup;
			children = (
				7FC8AEAF2A710B2B00DD8820 /* CoreDataService.swift */,
				7F743DEF2A8230E000A7A625 /* SummonerContainer.xcdatamodeld */,
				7F5776ED2A82901400150A8D /* SummonerModel.swift */,
			);
			path = CoreData;
			sourceTree = "<group>";
		};
		7FC8AEB42A712C3800DD8820 /* MatchDetailVC_Components */ = {
			isa = PBXGroup;
			children = (
				7FC8AEB52A712C9E00DD8820 /* MatchDetailVC.swift */,
				7F14C0E82A7B9C9700370671 /* TeamMemberSummaryCell.swift */,
				7F14C0E92A7B9C9700370671 /* TeamMemberSummaryCell.xib */,
				7FF36F272A7E945100898036 /* ResultTableHeaderView.swift */,
				7FF36F2B2A7E94C000898036 /* ResultTableHeaderView.xib */,
			);
			path = MatchDetailVC_Components;
			sourceTree = "<group>";
		};
		7FC986C22A52C8DD00F8F3C7 /* ViewModel */ = {
			isa = PBXGroup;
			children = (
			);
			path = ViewModel;
			sourceTree = "<group>";
		};
		7FC986C52A52CB8A00F8F3C7 /* Model */ = {
			isa = PBXGroup;
			children = (
				7FC986D12A52CE1600F8F3C7 /* DetailSummonerInfo.swift */,
				7FEC5C032A694FC2000186A7 /* ImageUrlRouter.swift */,
				7FEC5C012A68E794000186A7 /* MostChamp.swift */,
				7F8510572A707E8A001B39C6 /* QueueIdInfo.swift */,
				7FC986CE2A52CD3200F8F3C7 /* API Response */,
				7F622BFB2A69F7F200B2CBDA /* SummonerSpells.swift */,
			);
			path = Model;
			sourceTree = "<group>";
		};
		7FC986CE2A52CD3200F8F3C7 /* API Response */ = {
			isa = PBXGroup;
			children = (
				7FC986C62A52CBD400F8F3C7 /* SummonerInfo.swift */,
				7FC986C82A52CC3800F8F3C7 /* League.swift */,
				7FC986CC2A52CCF200F8F3C7 /* MatchInfo.swift */,
			);
			path = "API Response";
			sourceTree = "<group>";
		};
		7FC986D32A52D25300F8F3C7 /* Service */ = {
			isa = PBXGroup;
			children = (
				7FC986D62A52D2BE00F8F3C7 /* API */,
				7FC986D42A52D28200F8F3C7 /* Service.swift */,
				7F9433F72A5B9C04007F8E7D /* NetworkManager.swift */,
				7F9433FB2A5BD5AF007F8E7D /* LocalFileManager.swift */,
				7F9433FD2A5BD9A5007F8E7D /* NetworkImgService.swift */,
			);
			path = Service;
			sourceTree = "<group>";
		};
		7FC986D62A52D2BE00F8F3C7 /* API */ = {
			isa = PBXGroup;
			children = (
				7FC986DA2A52D34F00F8F3C7 /* ApiClient.swift */,
				7FC986DC2A52D37400F8F3C7 /* ApiLogger.swift */,
				7FC986DE2A52D3A100F8F3C7 /* BaseInterceptor.swift */,
				7FC986E02A52D44B00F8F3C7 /* UrlHeadPoint.swift */,
				7F9433F92A5B9CC8007F8E7D /* Router.swift */,
			);
			path = API;
			sourceTree = "<group>";
		};
		7FFC6E8B2A498FD100565579 /* Font */ = {
			isa = PBXGroup;
			children = (
				7F743DF62A82774F00A7A625 /* NotoSansKR-Regular.otf */,
				7F743DF42A8276B400A7A625 /* NotoSansKR-Bold.otf */,
				7F743DF22A82766100A7A625 /* GangwonEduPowerExtraBold.otf */,
				7FFC6E8C2A498FE000565579 /* Caprasimo-Regular.ttf */,
			);
			path = Font;
			sourceTree = "<group>";
		};
/* End PBXGroup section */

/* Begin PBXNativeTarget section */
		7F6555372A45A5B10028AE52 /* LOL_Search_Record */ = {
			isa = PBXNativeTarget;
			buildConfigurationList = 7F65554C2A45A5B20028AE52 /* Build configuration list for PBXNativeTarget "LOL_Search_Record" */;
			buildPhases = (
				7F6555342A45A5B10028AE52 /* Sources */,
				7F6555352A45A5B10028AE52 /* Frameworks */,
				7F6555362A45A5B10028AE52 /* Resources */,
			);
			buildRules = (
			);
			dependencies = (
			);
			name = LOL_Search_Record;
			packageProductDependencies = (
				7FC986D82A52D32300F8F3C7 /* Alamofire */,
			);
			productName = LOL_Search_Record;
			productReference = 7F6555382A45A5B10028AE52 /* LOL_Search_Record.app */;
			productType = "com.apple.product-type.application";
		};
/* End PBXNativeTarget section */

/* Begin PBXProject section */
		7F6555302A45A5B10028AE52 /* Project object */ = {
			isa = PBXProject;
			attributes = {
				BuildIndependentTargetsInParallel = 1;
				LastSwiftUpdateCheck = 1430;
				LastUpgradeCheck = 1430;
				TargetAttributes = {
					7F6555372A45A5B10028AE52 = {
						CreatedOnToolsVersion = 14.3.1;
					};
				};
			};
			buildConfigurationList = 7F6555332A45A5B10028AE52 /* Build configuration list for PBXProject "LOL_Search_Record" */;
			compatibilityVersion = "Xcode 14.0";
			developmentRegion = en;
			hasScannedForEncodings = 0;
			knownRegions = (
				en,
				Base,
			);
			mainGroup = 7F65552F2A45A5B10028AE52;
			packageReferences = (
				7FC986D72A52D32300F8F3C7 /* XCRemoteSwiftPackageReference "Alamofire" */,
			);
			productRefGroup = 7F6555392A45A5B10028AE52 /* Products */;
			projectDirPath = "";
			projectRoot = "";
			targets = (
				7F6555372A45A5B10028AE52 /* LOL_Search_Record */,
			);
		};
/* End PBXProject section */

/* Begin PBXResourcesBuildPhase section */
		7F6555362A45A5B10028AE52 /* Resources */ = {
			isa = PBXResourcesBuildPhase;
			buildActionMask = 2147483647;
			files = (
				7F14C0EB2A7B9C9700370671 /* TeamMemberSummaryCell.xib in Resources */,
				7F743DF72A82774F00A7A625 /* NotoSansKR-Regular.otf in Resources */,
				7FC372412A56BD1A0045ED4D /* MatchSummaryCell.xib in Resources */,
				7F6555482A45A5B20028AE52 /* LaunchScreen.storyboard in Resources */,
				7F6555452A45A5B20028AE52 /* Assets.xcassets in Resources */,
				7F622BF82A69F6C300B2CBDA /* summoner.json in Resources */,
				7FF36F2C2A7E94C000898036 /* ResultTableHeaderView.xib in Resources */,
				7F743DF32A82766100A7A625 /* GangwonEduPowerExtraBold.otf in Resources */,
				7F6555432A45A5B10028AE52 /* Main.storyboard in Resources */,
				7FFC6E8D2A498FE000565579 /* Caprasimo-Regular.ttf in Resources */,
				7F8510562A707C5B001B39C6 /* queueId.json in Resources */,
				7F743DF52A8276B400A7A625 /* NotoSansKR-Bold.otf in Resources */,
				7FA94E122A6E8D5600491FB7 /* SearchedSummonerCell.xib in Resources */,
			);
			runOnlyForDeploymentPostprocessing = 0;
		};
/* End PBXResourcesBuildPhase section */

/* Begin PBXSourcesBuildPhase section */
		7F6555342A45A5B10028AE52 /* Sources */ = {
			isa = PBXSourcesBuildPhase;
			buildActionMask = 2147483647;
			files = (
				7FC986C92A52CC3800F8F3C7 /* League.swift in Sources */,
				7F14C0EA2A7B9C9700370671 /* TeamMemberSummaryCell.swift in Sources */,
				7F622BFA2A69F72200B2CBDA /* DictionaryStore.swift in Sources */,
				7F6555402A45A5B10028AE52 /* MainVC.swift in Sources */,
				7FAD0CC82A67AC7C00A1A0C1 /* SelectLocationVC.swift in Sources */,
				7F5776EE2A82901400150A8D /* SummonerModel.swift in Sources */,
				7FC986DD2A52D37400F8F3C7 /* ApiLogger.swift in Sources */,
				7F9433FA2A5B9CC8007F8E7D /* Router.swift in Sources */,
				7FC986CD2A52CCF200F8F3C7 /* MatchInfo.swift in Sources */,
				7F622BFC2A69F7F200B2CBDA /* SummonerSpells.swift in Sources */,
				7FC986D22A52CE1600F8F3C7 /* DetailSummonerInfo.swift in Sources */,
				7F8510582A707E8A001B39C6 /* QueueIdInfo.swift in Sources */,
				7FC986DF2A52D3A100F8F3C7 /* BaseInterceptor.swift in Sources */,
				7FC986E12A52D44B00F8F3C7 /* UrlHeadPoint.swift in Sources */,
				7FEC5C042A694FC2000186A7 /* ImageUrlRouter.swift in Sources */,
				7F9433FC2A5BD5AF007F8E7D /* LocalFileManager.swift in Sources */,
				7FF36F282A7E945100898036 /* ResultTableHeaderView.swift in Sources */,
				7F743DF12A8230E000A7A625 /* SummonerContainer.xcdatamodeld in Sources */,
				7F65553C2A45A5B10028AE52 /* AppDelegate.swift in Sources */,
				7FF36F262A7E54EC00898036 /* UIColor.swift in Sources */,
				7F870EBC2A5EA38000E0AE94 /* SummonerVC.swift in Sources */,
				7FC8AEB62A712C9E00DD8820 /* MatchDetailVC.swift in Sources */,
				7FEC5C022A68E794000186A7 /* MostChamp.swift in Sources */,
				7F1C986A2A61145200E00A08 /* String.swift in Sources */,
				7FC8AEB02A710B2B00DD8820 /* CoreDataService.swift in Sources */,
				7F9433F82A5B9C04007F8E7D /* NetworkManager.swift in Sources */,
				7F65553E2A45A5B10028AE52 /* SceneDelegate.swift in Sources */,
				7FC986D52A52D28200F8F3C7 /* Service.swift in Sources */,
				7FC372402A56BD1A0045ED4D /* MatchSummaryCell.swift in Sources */,
				7F9434062A5BE3E7007F8E7D /* UIImageView.swift in Sources */,
				7F1C986C2A61217100E00A08 /* Int.swift in Sources */,
				7FA94E112A6E8D5600491FB7 /* SearchedSummonerCell.swift in Sources */,
				7FC986C72A52CBD400F8F3C7 /* SummonerInfo.swift in Sources */,
				7FC986D02A52CD4E00F8F3C7 /* Constants.swift in Sources */,
				7F8510542A6FE0A5001B39C6 /* JsonManager.swift in Sources */,
				7F9433FE2A5BD9A5007F8E7D /* NetworkImgService.swift in Sources */,
				7F8510522A6FD8BE001B39C6 /* Double.swift in Sources */,
				7FC986DB2A52D34F00F8F3C7 /* ApiClient.swift in Sources */,
			);
			runOnlyForDeploymentPostprocessing = 0;
		};
/* End PBXSourcesBuildPhase section */

/* Begin PBXVariantGroup section */
		7F6555412A45A5B10028AE52 /* Main.storyboard */ = {
			isa = PBXVariantGroup;
			children = (
				7F6555422A45A5B10028AE52 /* Base */,
			);
			name = Main.storyboard;
			sourceTree = "<group>";
		};
		7F6555462A45A5B20028AE52 /* LaunchScreen.storyboard */ = {
			isa = PBXVariantGroup;
			children = (
				7F6555472A45A5B20028AE52 /* Base */,
			);
			name = LaunchScreen.storyboard;
			sourceTree = "<group>";
		};
/* End PBXVariantGroup section */

/* Begin XCBuildConfiguration section */
		7F65554A2A45A5B20028AE52 /* Debug */ = {
			isa = XCBuildConfiguration;
			buildSettings = {
				ALWAYS_SEARCH_USER_PATHS = NO;
				CLANG_ANALYZER_NONNULL = YES;
				CLANG_ANALYZER_NUMBER_OBJECT_CONVERSION = YES_AGGRESSIVE;
				CLANG_CXX_LANGUAGE_STANDARD = "gnu++20";
				CLANG_ENABLE_MODULES = YES;
				CLANG_ENABLE_OBJC_ARC = YES;
				CLANG_ENABLE_OBJC_WEAK = YES;
				CLANG_WARN_BLOCK_CAPTURE_AUTORELEASING = YES;
				CLANG_WARN_BOOL_CONVERSION = YES;
				CLANG_WARN_COMMA = YES;
				CLANG_WARN_CONSTANT_CONVERSION = YES;
				CLANG_WARN_DEPRECATED_OBJC_IMPLEMENTATIONS = YES;
				CLANG_WARN_DIRECT_OBJC_ISA_USAGE = YES_ERROR;
				CLANG_WARN_DOCUMENTATION_COMMENTS = YES;
				CLANG_WARN_EMPTY_BODY = YES;
				CLANG_WARN_ENUM_CONVERSION = YES;
				CLANG_WARN_INFINITE_RECURSION = YES;
				CLANG_WARN_INT_CONVERSION = YES;
				CLANG_WARN_NON_LITERAL_NULL_CONVERSION = YES;
				CLANG_WARN_OBJC_IMPLICIT_RETAIN_SELF = YES;
				CLANG_WARN_OBJC_LITERAL_CONVERSION = YES;
				CLANG_WARN_OBJC_ROOT_CLASS = YES_ERROR;
				CLANG_WARN_QUOTED_INCLUDE_IN_FRAMEWORK_HEADER = YES;
				CLANG_WARN_RANGE_LOOP_ANALYSIS = YES;
				CLANG_WARN_STRICT_PROTOTYPES = YES;
				CLANG_WARN_SUSPICIOUS_MOVE = YES;
				CLANG_WARN_UNGUARDED_AVAILABILITY = YES_AGGRESSIVE;
				CLANG_WARN_UNREACHABLE_CODE = YES;
				CLANG_WARN__DUPLICATE_METHOD_MATCH = YES;
				COPY_PHASE_STRIP = NO;
				DEBUG_INFORMATION_FORMAT = dwarf;
				ENABLE_STRICT_OBJC_MSGSEND = YES;
				ENABLE_TESTABILITY = YES;
				GCC_C_LANGUAGE_STANDARD = gnu11;
				GCC_DYNAMIC_NO_PIC = NO;
				GCC_NO_COMMON_BLOCKS = YES;
				GCC_OPTIMIZATION_LEVEL = 0;
				GCC_PREPROCESSOR_DEFINITIONS = (
					"DEBUG=1",
					"$(inherited)",
				);
				GCC_WARN_64_TO_32_BIT_CONVERSION = YES;
				GCC_WARN_ABOUT_RETURN_TYPE = YES_ERROR;
				GCC_WARN_UNDECLARED_SELECTOR = YES;
				GCC_WARN_UNINITIALIZED_AUTOS = YES_AGGRESSIVE;
				GCC_WARN_UNUSED_FUNCTION = YES;
				GCC_WARN_UNUSED_VARIABLE = YES;
				IPHONEOS_DEPLOYMENT_TARGET = 16.4;
				MTL_ENABLE_DEBUG_INFO = INCLUDE_SOURCE;
				MTL_FAST_MATH = YES;
				ONLY_ACTIVE_ARCH = YES;
				SDKROOT = iphoneos;
				SWIFT_ACTIVE_COMPILATION_CONDITIONS = DEBUG;
				SWIFT_OPTIMIZATION_LEVEL = "-Onone";
			};
			name = Debug;
		};
		7F65554B2A45A5B20028AE52 /* Release */ = {
			isa = XCBuildConfiguration;
			buildSettings = {
				ALWAYS_SEARCH_USER_PATHS = NO;
				CLANG_ANALYZER_NONNULL = YES;
				CLANG_ANALYZER_NUMBER_OBJECT_CONVERSION = YES_AGGRESSIVE;
				CLANG_CXX_LANGUAGE_STANDARD = "gnu++20";
				CLANG_ENABLE_MODULES = YES;
				CLANG_ENABLE_OBJC_ARC = YES;
				CLANG_ENABLE_OBJC_WEAK = YES;
				CLANG_WARN_BLOCK_CAPTURE_AUTORELEASING = YES;
				CLANG_WARN_BOOL_CONVERSION = YES;
				CLANG_WARN_COMMA = YES;
				CLANG_WARN_CONSTANT_CONVERSION = YES;
				CLANG_WARN_DEPRECATED_OBJC_IMPLEMENTATIONS = YES;
				CLANG_WARN_DIRECT_OBJC_ISA_USAGE = YES_ERROR;
				CLANG_WARN_DOCUMENTATION_COMMENTS = YES;
				CLANG_WARN_EMPTY_BODY = YES;
				CLANG_WARN_ENUM_CONVERSION = YES;
				CLANG_WARN_INFINITE_RECURSION = YES;
				CLANG_WARN_INT_CONVERSION = YES;
				CLANG_WARN_NON_LITERAL_NULL_CONVERSION = YES;
				CLANG_WARN_OBJC_IMPLICIT_RETAIN_SELF = YES;
				CLANG_WARN_OBJC_LITERAL_CONVERSION = YES;
				CLANG_WARN_OBJC_ROOT_CLASS = YES_ERROR;
				CLANG_WARN_QUOTED_INCLUDE_IN_FRAMEWORK_HEADER = YES;
				CLANG_WARN_RANGE_LOOP_ANALYSIS = YES;
				CLANG_WARN_STRICT_PROTOTYPES = YES;
				CLANG_WARN_SUSPICIOUS_MOVE = YES;
				CLANG_WARN_UNGUARDED_AVAILABILITY = YES_AGGRESSIVE;
				CLANG_WARN_UNREACHABLE_CODE = YES;
				CLANG_WARN__DUPLICATE_METHOD_MATCH = YES;
				COPY_PHASE_STRIP = NO;
				DEBUG_INFORMATION_FORMAT = "dwarf-with-dsym";
				ENABLE_NS_ASSERTIONS = NO;
				ENABLE_STRICT_OBJC_MSGSEND = YES;
				GCC_C_LANGUAGE_STANDARD = gnu11;
				GCC_NO_COMMON_BLOCKS = YES;
				GCC_WARN_64_TO_32_BIT_CONVERSION = YES;
				GCC_WARN_ABOUT_RETURN_TYPE = YES_ERROR;
				GCC_WARN_UNDECLARED_SELECTOR = YES;
				GCC_WARN_UNINITIALIZED_AUTOS = YES_AGGRESSIVE;
				GCC_WARN_UNUSED_FUNCTION = YES;
				GCC_WARN_UNUSED_VARIABLE = YES;
				IPHONEOS_DEPLOYMENT_TARGET = 16.4;
				MTL_ENABLE_DEBUG_INFO = NO;
				MTL_FAST_MATH = YES;
				SDKROOT = iphoneos;
				SWIFT_COMPILATION_MODE = wholemodule;
				SWIFT_OPTIMIZATION_LEVEL = "-O";
				VALIDATE_PRODUCT = YES;
			};
			name = Release;
		};
		7F65554D2A45A5B20028AE52 /* Debug */ = {
			isa = XCBuildConfiguration;
			buildSettings = {
				ASSETCATALOG_COMPILER_APPICON_NAME = AppIcon;
				ASSETCATALOG_COMPILER_GLOBAL_ACCENT_COLOR_NAME = AccentColor;
				CODE_SIGN_STYLE = Automatic;
				CURRENT_PROJECT_VERSION = 1;
				DEVELOPMENT_TEAM = JSZ2KS27AG;
				GENERATE_INFOPLIST_FILE = YES;
				INFOPLIST_FILE = LOL_Search_Record/Info.plist;
				INFOPLIST_KEY_UIApplicationSupportsIndirectInputEvents = YES;
				INFOPLIST_KEY_UILaunchStoryboardName = LaunchScreen;
				INFOPLIST_KEY_UIMainStoryboardFile = Main;
				INFOPLIST_KEY_UISupportedInterfaceOrientations_iPad = "UIInterfaceOrientationPortrait UIInterfaceOrientationPortraitUpsideDown UIInterfaceOrientationLandscapeLeft UIInterfaceOrientationLandscapeRight";
				INFOPLIST_KEY_UISupportedInterfaceOrientations_iPhone = "UIInterfaceOrientationPortrait UIInterfaceOrientationLandscapeLeft UIInterfaceOrientationLandscapeRight";
				LD_RUNPATH_SEARCH_PATHS = (
					"$(inherited)",
					"@executable_path/Frameworks",
				);
				MARKETING_VERSION = 1.0;
				PRODUCT_BUNDLE_IDENTIFIER = "com.Maru.LOL-Search-Record";
				PRODUCT_NAME = "$(TARGET_NAME)";
				SWIFT_EMIT_LOC_STRINGS = YES;
				SWIFT_VERSION = 5.0;
				TARGETED_DEVICE_FAMILY = "1,2";
			};
			name = Debug;
		};
		7F65554E2A45A5B20028AE52 /* Release */ = {
			isa = XCBuildConfiguration;
			buildSettings = {
				ASSETCATALOG_COMPILER_APPICON_NAME = AppIcon;
				ASSETCATALOG_COMPILER_GLOBAL_ACCENT_COLOR_NAME = AccentColor;
				CODE_SIGN_STYLE = Automatic;
				CURRENT_PROJECT_VERSION = 1;
				DEVELOPMENT_TEAM = JSZ2KS27AG;
				GENERATE_INFOPLIST_FILE = YES;
				INFOPLIST_FILE = LOL_Search_Record/Info.plist;
				INFOPLIST_KEY_UIApplicationSupportsIndirectInputEvents = YES;
				INFOPLIST_KEY_UILaunchStoryboardName = LaunchScreen;
				INFOPLIST_KEY_UIMainStoryboardFile = Main;
				INFOPLIST_KEY_UISupportedInterfaceOrientations_iPad = "UIInterfaceOrientationPortrait UIInterfaceOrientationPortraitUpsideDown UIInterfaceOrientationLandscapeLeft UIInterfaceOrientationLandscapeRight";
				INFOPLIST_KEY_UISupportedInterfaceOrientations_iPhone = "UIInterfaceOrientationPortrait UIInterfaceOrientationLandscapeLeft UIInterfaceOrientationLandscapeRight";
				LD_RUNPATH_SEARCH_PATHS = (
					"$(inherited)",
					"@executable_path/Frameworks",
				);
				MARKETING_VERSION = 1.0;
				PRODUCT_BUNDLE_IDENTIFIER = "com.Maru.LOL-Search-Record";
				PRODUCT_NAME = "$(TARGET_NAME)";
				SWIFT_EMIT_LOC_STRINGS = YES;
				SWIFT_VERSION = 5.0;
				TARGETED_DEVICE_FAMILY = "1,2";
			};
			name = Release;
		};
/* End XCBuildConfiguration section */

/* Begin XCConfigurationList section */
		7F6555332A45A5B10028AE52 /* Build configuration list for PBXProject "LOL_Search_Record" */ = {
			isa = XCConfigurationList;
			buildConfigurations = (
				7F65554A2A45A5B20028AE52 /* Debug */,
				7F65554B2A45A5B20028AE52 /* Release */,
			);
			defaultConfigurationIsVisible = 0;
			defaultConfigurationName = Release;
		};
		7F65554C2A45A5B20028AE52 /* Build configuration list for PBXNativeTarget "LOL_Search_Record" */ = {
			isa = XCConfigurationList;
			buildConfigurations = (
				7F65554D2A45A5B20028AE52 /* Debug */,
				7F65554E2A45A5B20028AE52 /* Release */,
			);
			defaultConfigurationIsVisible = 0;
			defaultConfigurationName = Release;
		};
/* End XCConfigurationList section */

/* Begin XCRemoteSwiftPackageReference section */
		7FC986D72A52D32300F8F3C7 /* XCRemoteSwiftPackageReference "Alamofire" */ = {
			isa = XCRemoteSwiftPackageReference;
			repositoryURL = "https://github.com/Alamofire/Alamofire";
			requirement = {
				kind = upToNextMajorVersion;
				minimumVersion = 5.0.0;
			};
		};
/* End XCRemoteSwiftPackageReference section */

/* Begin XCSwiftPackageProductDependency section */
		7FC986D82A52D32300F8F3C7 /* Alamofire */ = {
			isa = XCSwiftPackageProductDependency;
			package = 7FC986D72A52D32300F8F3C7 /* XCRemoteSwiftPackageReference "Alamofire" */;
			productName = Alamofire;
		};
/* End XCSwiftPackageProductDependency section */

/* Begin XCVersionGroup section */
		7F743DEF2A8230E000A7A625 /* SummonerContainer.xcdatamodeld */ = {
			isa = XCVersionGroup;
			children = (
				7F743DF02A8230E000A7A625 /* SummonerContainer.xcdatamodel */,
			);
			currentVersion = 7F743DF02A8230E000A7A625 /* SummonerContainer.xcdatamodel */;
			path = SummonerContainer.xcdatamodeld;
			sourceTree = "<group>";
			versionGroupType = wrapper.xcdatamodel;
		};
/* End XCVersionGroup section */
	};
	rootObject = 7F6555302A45A5B10028AE52 /* Project object */;
}
